
Microsoft Visual Studio Solution File, Format Version 12.00
# Visual Studio Version 17
VisualStudioVersion = 17.11.35005.142
MinimumVisualStudioVersion = 10.0.40219.1
Project("{FAE04EC0-301F-11D3-BF4B-00C04F79EFBC}") = "DotNet8WebApi.HttpClientFactoryPollyExample", "DotNet8WebApi.HttpClientFactoryPollyExample\DotNet8WebApi.HttpClientFactoryPollyExample.csproj", "{4473C6EE-1838-4078-AA3B-671B1B56ECFA}"
EndProject
Global
	GlobalSection(SolutionConfigurationPlatforms) = preSolution
		Debug|Any CPU = Debug|Any CPU
		Release|Any CPU = Release|Any CPU
	EndGlobalSection
	GlobalSection(ProjectConfigurationPlatforms) = postSolution
		{4473C6EE-1838-4078-AA3B-671B1B56ECFA}.Debug|Any CPU.ActiveCfg = Debug|Any CPU
		{4473C6EE-1838-4078-AA3B-671B1B56ECFA}.Debug|Any CPU.Build.0 = Debug|Any CPU
		{4473C6EE-1838-4078-AA3B-671B1B56ECFA}.Release|Any CPU.ActiveCfg = Release|Any CPU
		{4473C6EE-1838-4078-AA3B-671B1B56ECFA}.Release|Any CPU.Build.0 = Release|Any CPU
	EndGlobalSection
	GlobalSection(SolutionProperties) = preSolution
		HideSolutionNode = FALSE
	EndGlobalSection
	GlobalSection(ExtensibilityGlobals) = postSolution
		SolutionGuid = {28967AD3-C250-4CFC-9CCE-5E36A5BD7048}
	EndGlobalSection
EndGlobal
